#MicroXplorer Configuration settings - do not modify
Mcu.Family=STM32F4
ProjectManager.MainLocation=Src
PB13.GPIOParameters=GPIO_Label
CAN1.NART=ENABLE
PA6.Mode=Full_Duplex_Master
PC7.GPIOParameters=GPIO_Label
USART2.IPParameters=VirtualMode
RCC.CortexFreq_Value=180000000
NVIC.I2C1_EV_IRQn=true\:0\:0\:false\:true\:true\:1\:true\:true
ProjectManager.KeepUserCode=true
Mcu.UserName=STM32F446RETx
SPI1.VirtualType=VM_MASTER
PC10.Locked=true
RCC.PLLCLKFreq_Value=180000000
PC10.Signal=GPIO_Input
PB14.GPIO_Label=IMD
RCC.PLLQCLKFreq_Value=180000000
PC5.Locked=true
PC7.Locked=true
ProjectManager.functionlistsort=1-MX_GPIO_Init-GPIO-false-HAL-true,2-SystemClock_Config-RCC-false-HAL-false,3-MX_SPI1_Init-SPI1-false-HAL-true,4-MX_USART2_UART_Init-USART2-false-HAL-true,5-MX_CAN1_Init-CAN1-false-HAL-true,6-MX_I2C1_Init-I2C1-false-HAL-true,7-MX_FATFS_Init-FATFS-false-HAL-false,8-MX_ADC1_Init-ADC1-false-HAL-true
PC0.GPIOParameters=GPIO_Label
PA9.GPIOParameters=GPIO_Label
PC0.GPIO_Label=CUR_LOW
PC6.GPIO_Label=FB_TO_TSMS
PA11.Mode=Master
PC9.Locked=true
RCC.PLLI2SRCLKFreq_Value=96000000
PC1.Locked=true
PB13.GPIO_Label=BMS_Fault
PB13.Signal=GPIO_Output
PB15.Signal=GPIO_Input
RCC.SAIAFreq_Value=96000000
PinOutPanel.RotationAngle=0
RCC.SYSCLKSource=RCC_SYSCLKSOURCE_PLLCLK
ProjectManager.StackSize=0x400
Mcu.IP4=RCC
RCC.FCLKCortexFreq_Value=180000000
Mcu.IP5=SPI1
Mcu.IP2=I2C1
I2C1.IPParameters=I2C_Mode
NVIC.SVCall_IRQn=true\:0\:0\:false\:false\:true\:false\:false
Mcu.IP3=NVIC
PA15.GPIO_Label=CARD_CS
Mcu.IP0=CAN1
Mcu.IP1=FATFS
PA12.Signal=CAN1_TX
Mcu.UserConstants=
PC1.GPIOParameters=GPIO_Label
Mcu.ThirdPartyNb=0
RCC.SDIOFreq_Value=180000000
SPI1.Direction=SPI_DIRECTION_2LINES
RCC.HCLKFreq_Value=180000000
Mcu.IPNb=8
ProjectManager.PreviousToolchain=
RCC.APB2TimFreq_Value=180000000
PB6.Signal=I2C1_SCL
RCC.SPDIFRXFreq_Value=180000000
PC7.Signal=GPIO_Input
PB6.Mode=I2C
SPI1.CalculateBaudRate=703.125 KBits/s
PA8.GPIOParameters=GPIO_Label
Mcu.Pin6=PA6
Mcu.Pin7=PA7
Mcu.Pin8=PC4
Mcu.Pin9=PC5
RCC.VCOSAIOutputFreq_Value=192000000
RCC.AHBFreq_Value=180000000
PB13.Locked=true
Mcu.Pin0=PC0
Mcu.Pin1=PC1
Mcu.Pin2=PA2
Mcu.Pin3=PA3
Mcu.Pin4=PA4
Mcu.Pin5=PA5
ProjectManager.ProjectBuild=false
RCC.HSE_VALUE=8000000
NVIC.UsageFault_IRQn=true\:0\:0\:false\:false\:true\:false\:false
NVIC.DebugMonitor_IRQn=true\:0\:0\:false\:false\:true\:false\:false
PA4.GPIO_PuPd=GPIO_PULLUP
PA8.Locked=true
PA4.Locked=true
NVIC.SysTick_IRQn=true\:0\:0\:false\:false\:true\:false\:true
PB12.GPIO_Label=TS_ON
ProjectManager.FirmwarePackage=STM32Cube FW_F4 V1.24.2
MxDb.Version=DB.5.0.40
ProjectManager.BackupPrevious=false
RCC.VCOInputFreq_Value=2000000
PC4.GPIO_Label=ADCHV_CS
PA14.Mode=Serial_Wire
PC11.GPIO_Label=CHARGE
File.Version=6
PA10.GPIO_Label=EEPROM_WC
SH.ADCx_IN11.ConfNb=1
PB7.Signal=I2C1_SDA
PA8.Signal=GPIO_Output
RCC.PLLRCLKFreq_Value=180000000
NVIC.PendSV_IRQn=true\:0\:0\:false\:false\:true\:false\:false
NVIC.I2C1_ER_IRQn=true\:0\:0\:false\:true\:true\:2\:true\:true
RCC.PLLI2SoutputFreq_Value=96000000
ProjectManager.HalAssertFull=false
ProjectManager.ProjectName=fenice-bms
RCC.MCO2PinFreq_Value=180000000
PC8.GPIOParameters=GPIO_Label
CAN1.Prescaler=5
Mcu.Package=LQFP64
PA6.Signal=SPI1_MISO
VP_FATFS_VS_Generic.Signal=FATFS_VS_Generic
RCC.I2S2Freq_Value=96000000
USART2.VirtualMode=VM_ASYNC
PA14.Locked=true
ProjectManager.ToolChainLocation=
VP_SYS_VS_Systick.Signal=SYS_VS_Systick
PA10.Signal=GPIO_Output
PA15.Signal=GPIO_Output
PB14.GPIOParameters=GPIO_Label
RCC.APB2CLKDivider=RCC_HCLK_DIV2
RCC.CECFreq_Value=32786.88524590164
RCC.APB1TimFreq_Value=90000000
NVIC.BusFault_IRQn=true\:0\:0\:false\:false\:true\:false\:false
PC4.Locked=true
PC5.Signal=GPIO_Output
RCC.SAIBFreq_Value=96000000
SPI1.BaudRatePrescaler=SPI_BAUDRATEPRESCALER_128
PA4.GPIO_Label=CS_LTC
ProjectManager.CustomerFirmwarePackage=
PC4.GPIOParameters=PinState,GPIO_PuPd,GPIO_Label
RCC.PLLSAIQCLKFreq_Value=96000000
PB15.Locked=true
PB3.Locked=true
PA3.Signal=USART2_RX
CAN1.CalculateTimeQuantum=111.11111111111111
PA5.Mode=Full_Duplex_Master
ProjectManager.ProjectFileName=fenice-bms.ioc
PA7.Mode=Full_Duplex_Master
PA15.GPIOParameters=GPIO_Label
PC10.GPIO_Label=CARD_OK
Mcu.PinsNb=33
PC4.PinState=GPIO_PIN_RESET
PC9.GPIO_Label=LED_1
ProjectManager.NoMain=false
PC11.Locked=true
SPI1.IPParameters=VirtualType,Mode,Direction,CalculateBaudRate,BaudRatePrescaler
PC4.GPIO_PuPd=GPIO_PULLUP
PA9.GPIO_Label=LED_3
PC11.Signal=GPIO_Input
CAN1.IPParameters=CalculateTimeQuantum,Prescaler,BS1,NART,BS2
RCC.FMPI2C1Freq_Value=45000000
RCC.VCOI2SInputFreq_Value=1000000
PC8.Signal=GPIO_Input
PC4.Signal=GPIO_Output
PC6.Signal=GPIO_Input
ProjectManager.DefaultFWLocation=true
PB12.Locked=true
ProjectManager.DeletePrevious=true
PC0.Signal=ADCx_IN10
PB14.Locked=true
RCC.APB1CLKDivider=RCC_HCLK_DIV4
PC11.GPIOParameters=GPIO_Label
NVIC.USART2_IRQn=true\:0\:0\:false\:false\:true\:true\:true
RCC.FamilyName=M
PC8.GPIO_Label=FB_RESET_BTN
PA13.Signal=SYS_JTMS-SWDIO
PA3.Mode=Asynchronous
PA15.Locked=true
PA8.GPIO_Label=LED_2
CAN1.BS2=CAN_BS2_1TQ
CAN1.BS1=CAN_BS1_7TQ
ProjectManager.TargetToolchain=Makefile
I2C1.I2C_Mode=I2C_Fast
PC6.Locked=true
PC5.GPIOParameters=GPIO_Label
PA9.Signal=GPIO_Output
RCC.I2S1Freq_Value=96000000
RCC.USBFreq_Value=180000000
RCC.PLLSAIoutputFreq_Value=96000000
VP_FATFS_VS_Generic.Mode=User_defined
RCC.VCOI2SOutputFreq_Value=192000000
PB14.Signal=GPIO_Input
PA5.Signal=SPI1_SCK
RCC.PLLSAIPCLKFreq_Value=96000000
board=custom
RCC.VCOOutputFreq_Value=360000000
ProjectManager.LastFirmware=true
RCC.APB2Freq_Value=90000000
SH.ADCx_IN11.0=ADC1_IN11
MxCube.Version=5.4.0
PB15.GPIO_Label=FB_FROM_TSMS
RCC.PLLI2SPCLKFreq_Value=96000000
SPI1.Mode=SPI_MODE_MASTER
SH.ADCx_IN10.ConfNb=1
Mcu.Pin30=PB7
PC1.GPIO_Label=CUR_HIGH
PA10.GPIOParameters=GPIO_Label
VP_SYS_VS_Systick.Mode=SysTick
Mcu.Pin31=VP_FATFS_VS_Generic
Mcu.Pin32=VP_SYS_VS_Systick
PA9.Locked=true
NVIC.NonMaskableInt_IRQn=true\:0\:0\:false\:false\:true\:false\:false
PA4.GPIOParameters=GPIO_PuPd,GPIO_Label
PC10.GPIOParameters=GPIO_Label
PB15.GPIOParameters=GPIO_Label
PA13.Mode=Serial_Wire
ProjectManager.FreePins=true
RCC.IPParameters=AHBFreq_Value,APB1CLKDivider,APB1Freq_Value,APB1TimFreq_Value,APB2CLKDivider,APB2Freq_Value,APB2TimFreq_Value,CECFreq_Value,CortexFreq_Value,FCLKCortexFreq_Value,FMPI2C1Freq_Value,FamilyName,HCLKFreq_Value,HSE_VALUE,I2S1Freq_Value,I2S2Freq_Value,MCO2PinFreq_Value,PLLCLKFreq_Value,PLLI2SPCLKFreq_Value,PLLI2SQCLKFreq_Value,PLLI2SRCLKFreq_Value,PLLI2SoutputFreq_Value,PLLM,PLLN,PLLQCLKFreq_Value,PLLRCLKFreq_Value,PLLSAIPCLKFreq_Value,PLLSAIQCLKFreq_Value,PLLSAIoutputFreq_Value,PWRFreq_Value,SAIAFreq_Value,SAIBFreq_Value,SDIOFreq_Value,SPDIFRXFreq_Value,SYSCLKFreq_VALUE,SYSCLKSource,USBFreq_Value,VCOI2SInputFreq_Value,VCOI2SOutputFreq_Value,VCOInputFreq_Value,VCOOutputFreq_Value,VCOSAIInputFreq_Value,VCOSAIOutputFreq_Value
PC9.GPIOParameters=GPIO_Label
ProjectManager.AskForMigrate=false
Mcu.Name=STM32F446R(C-E)Tx
RCC.PLLI2SQCLKFreq_Value=96000000
Mcu.Pin26=PC10
Mcu.Pin27=PC11
PA2.Signal=USART2_TX
Mcu.Pin24=PA14
ProjectManager.UnderRoot=false
Mcu.Pin25=PA15
PC7.GPIO_Label=FB_FROM_SD
Mcu.Pin28=PB3
Mcu.IP6=SYS
Mcu.Pin29=PB6
RCC.VCOSAIInputFreq_Value=1000000
Mcu.IP7=USART2
ProjectManager.CoupleFile=true
PB3.Signal=SYS_JTDO-SWO
PA4.Signal=GPIO_Output
RCC.SYSCLKFreq_VALUE=180000000
Mcu.Pin22=PA12
Mcu.Pin23=PA13
Mcu.Pin20=PA10
Mcu.Pin21=PA11
PA12.Mode=Master
PA10.Locked=true
NVIC.ForceEnableDMAVector=true
KeepUserPlacement=false
PC5.GPIO_Label=PRECHARGE_END
NVIC.MemoryManagement_IRQn=true\:0\:0\:false\:false\:true\:false\:false
PA13.Locked=true
ProjectManager.CompilerOptimize=6
PB7.Mode=I2C
PA11.Signal=CAN1_RX
PA14.Signal=SYS_JTCK-SWCLK
SH.ADCx_IN10.0=ADC1_IN10
ProjectManager.HeapSize=0x200
Mcu.Pin15=PC7
NVIC.HardFault_IRQn=true\:0\:0\:false\:false\:true\:false\:false
Mcu.Pin16=PC8
Mcu.Pin13=PB15
PC6.GPIOParameters=GPIO_Label
Mcu.Pin14=PC6
Mcu.Pin19=PA9
ProjectManager.ComputerToolchain=false
Mcu.Pin17=PC9
Mcu.Pin18=PA8
NVIC.PriorityGroup=NVIC_PRIORITYGROUP_4
Mcu.Pin11=PB13
Mcu.Pin12=PB14
RCC.PLLM=8
RCC.PLLN=180
Mcu.Pin10=PB12
PA2.Mode=Asynchronous
RCC.PWRFreq_Value=180000000
PC8.Locked=true
PC9.Signal=GPIO_Output
RCC.APB1Freq_Value=45000000
PC0.Locked=true
ProjectManager.DeviceId=STM32F446RETx
PC1.Signal=ADCx_IN11
PB12.GPIOParameters=GPIO_Label
PB12.Signal=GPIO_Output
ProjectManager.LibraryCopy=0
PA7.Signal=SPI1_MOSI
